PODS:
  - Alamofire (5.8.0)
  - Flutter (1.0.0)
  - flutter_osm_plugin (0.0.1):
    - Alamofire
    - Flutter
    - Polyline
    - Tangram-es
  - geolocator_apple (1.2.0):
    - Flutter
  - location (0.0.1):
    - Flutter
  - path_provider_foundation (0.0.1):
    - Flutter
    - FlutterMacOS
  - permission_handler_apple (9.1.1):
    - Flutter
  - Polyline (5.1.0)
  - Tangram-es (0.17.1)
  - url_launcher_ios (0.0.1):
    - Flutter

DEPENDENCIES:
  - Flutter (from `Flutter`)
  - flutter_osm_plugin (from `.symlinks/plugins/flutter_osm_plugin/ios`)
  - geolocator_apple (from `.symlinks/plugins/geolocator_apple/ios`)
  - location (from `.symlinks/plugins/location/ios`)
  - path_provider_foundation (from `.symlinks/plugins/path_provider_foundation/darwin`)
  - permission_handler_apple (from `.symlinks/plugins/permission_handler_apple/ios`)
  - url_launcher_ios (from `.symlinks/plugins/url_launcher_ios/ios`)

SPEC REPOS:
  trunk:
    - Alamofire
    - Polyline
    - Tangram-es

EXTERNAL SOURCES:
  Flutter:
    :path: Flutter
  flutter_osm_plugin:
    :path: ".symlinks/plugins/flutter_osm_plugin/ios"
  geolocator_apple:
    :path: ".symlinks/plugins/geolocator_apple/ios"
  location:
    :path: ".symlinks/plugins/location/ios"
  path_provider_foundation:
    :path: ".symlinks/plugins/path_provider_foundation/darwin"
  permission_handler_apple:
    :path: ".symlinks/plugins/permission_handler_apple/ios"
  url_launcher_ios:
    :path: ".symlinks/plugins/url_launcher_ios/ios"

SPEC CHECKSUMS:
  Alamofire: 0e92e751b3e9e66d7982db43919d01f313b8eb91
  Flutter: f04841e97a9d0b0a8025694d0796dd46242b2854
  flutter_osm_plugin: 029b14f54485ced3190bb2c4444616b76e10c6a8
  geolocator_apple: cc556e6844d508c95df1e87e3ea6fa4e58c50401
  location: d5cf8598915965547c3f36761ae9cc4f4e87d22e
  path_provider_foundation: 29f094ae23ebbca9d3d0cec13889cd9060c0e943
  permission_handler_apple: e76247795d700c14ea09e3a2d8855d41ee80a2e6
  Polyline: 2a1f29f87f8d9b7de868940f4f76deb8c678a5b1
  Tangram-es: 628b634f7fc09d2217469b9914de00d9de49ff9d
  url_launcher_ios: 08a3dfac5fb39e8759aeb0abbd5d9480f30fc8b4

PODFILE CHECKSUM: 0805b11bfb13bd44fc55fe52946ce14f22a2998e

COCOAPODS: 1.12.1
